// !$*UTF8*$!
{
	archiveVersion = 1;
	classes = {
	};
	objectVersion = 48;
	objects = {

/* Begin PBXBuildFile section */
		5DC5805D1FFA636F005A383A /* AppDelegate.m in Sources */ = {isa = PBXBuildFile; fileRef = 5DC5805C1FFA636F005A383A /* AppDelegate.m */; };
		5DC580601FFA636F005A383A /* ViewController.m in Sources */ = {isa = PBXBuildFile; fileRef = 5DC5805F1FFA636F005A383A /* ViewController.m */; };
		5DC580631FFA636F005A383A /* Main.storyboard in Resources */ = {isa = PBXBuildFile; fileRef = 5DC580611FFA636F005A383A /* Main.storyboard */; };
		5DC580651FFA636F005A383A /* Assets.xcassets in Resources */ = {isa = PBXBuildFile; fileRef = 5DC580641FFA636F005A383A /* Assets.xcassets */; };
		5DC580681FFA636F005A383A /* LaunchScreen.storyboard in Resources */ = {isa = PBXBuildFile; fileRef = 5DC580661FFA636F005A383A /* LaunchScreen.storyboard */; };
		5DC5806B1FFA636F005A383A /* main.m in Sources */ = {isa = PBXBuildFile; fileRef = 5DC5806A1FFA636F005A383A /* main.m */; };
		5DC580751FFA636F005A383A /* UtilsTests.m in Sources */ = {isa = PBXBuildFile; fileRef = 5DC580741FFA636F005A383A /* UtilsTests.m */; };
/* End PBXBuildFile section */

/* Begin PBXContainerItemProxy section */
		5DC580711FFA636F005A383A /* PBXContainerItemProxy */ = {
			isa = PBXContainerItemProxy;
			containerPortal = 5DC580501FFA636F005A383A /* Project object */;
			proxyType = 1;
			remoteGlobalIDString = 5DC580571FFA636F005A383A;
			remoteInfo = Utils;
		};
/* End PBXContainerItemProxy section */

/* Begin PBXFileReference section */
		5DC580581FFA636F005A383A /* Utils.app */ = {isa = PBXFileReference; explicitFileType = wrapper.application; includeInIndex = 0; path = Utils.app; sourceTree = BUILT_PRODUCTS_DIR; };
		5DC5805B1FFA636F005A383A /* AppDelegate.h */ = {isa = PBXFileReference; lastKnownFileType = sourcecode.c.h; path = AppDelegate.h; sourceTree = "<group>"; };
		5DC5805C1FFA636F005A383A /* AppDelegate.m */ = {isa = PBXFileReference; lastKnownFileType = sourcecode.c.objc; path = AppDelegate.m; sourceTree = "<group>"; };
		5DC5805E1FFA636F005A383A /* ViewController.h */ = {isa = PBXFileReference; lastKnownFileType = sourcecode.c.h; path = ViewController.h; sourceTree = "<group>"; };
		5DC5805F1FFA636F005A383A /* ViewController.m */ = {isa = PBXFileReference; lastKnownFileType = sourcecode.c.objc; path = ViewController.m; sourceTree = "<group>"; };
		5DC580621FFA636F005A383A /* Base */ = {isa = PBXFileReference; lastKnownFileType = file.storyboard; name = Base; path = Base.lproj/Main.storyboard; sourceTree = "<group>"; };
		5DC580641FFA636F005A383A /* Assets.xcassets */ = {isa = PBXFileReference; lastKnownFileType = folder.assetcatalog; path = Assets.xcassets; sourceTree = "<group>"; };
		5DC580671FFA636F005A383A /* Base */ = {isa = PBXFileReference; lastKnownFileType = file.storyboard; name = Base; path = Base.lproj/LaunchScreen.storyboard; sourceTree = "<group>"; };
		5DC580691FFA636F005A383A /* Info.plist */ = {isa = PBXFileReference; lastKnownFileType = text.plist.xml; path = Info.plist; sourceTree = "<group>"; };
		5DC5806A1FFA636F005A383A /* main.m */ = {isa = PBXFileReference; lastKnownFileType = sourcecode.c.objc; path = main.m; sourceTree = "<group>"; };
		5DC580701FFA636F005A383A /* UtilsTests.xctest */ = {isa = PBXFileReference; explicitFileType = wrapper.cfbundle; includeInIndex = 0; path = UtilsTests.xctest; sourceTree = BUILT_PRODUCTS_DIR; };
		5DC580741FFA636F005A383A /* UtilsTests.m */ = {isa = PBXFileReference; lastKnownFileType = sourcecode.c.objc; path = UtilsTests.m; sourceTree = "<group>"; };
		5DC580761FFA636F005A383A /* Info.plist */ = {isa = PBXFileReference; lastKnownFileType = text.plist.xml; path = Info.plist; sourceTree = "<group>"; };
/* End PBXFileReference section */

/* Begin PBXFrameworksBuildPhase section */
		5DC580551FFA636F005A383A /* Frameworks */ = {
			isa = PBXFrameworksBuildPhase;
			buildActionMask = 2147483647;
			files = (
			);
			runOnlyForDeploymentPostprocessing = 0;
		};
		5DC5806D1FFA636F005A383A /* Frameworks */ = {
			isa = PBXFrameworksBuildPhase;
			buildActionMask = 2147483647;
			files = (
			);
			runOnlyForDeploymentPostprocessing = 0;
		};
/* End PBXFrameworksBuildPhase section */

/* Begin PBXGroup section */
		5DC5804F1FFA636F005A383A = {
			isa = PBXGroup;
			children = (
				5DC5805A1FFA636F005A383A /* Utils */,
				5DC580731FFA636F005A383A /* UtilsTests */,
				5DC580591FFA636F005A383A /* Products */,
			);
			sourceTree = "<group>";
		};
		5DC580591FFA636F005A383A /* Products */ = {
			isa = PBXGroup;
			children = (
				5DC580581FFA636F005A383A /* Utils.app */,
				5DC580701FFA636F005A383A /* UtilsTests.xctest */,
			);
			name = Products;
			sourceTree = "<group>";
		};
		5DC5805A1FFA636F005A383A /* Utils */ = {
			isa = PBXGroup;
			children = (
				5DC5805B1FFA636F005A383A /* AppDelegate.h */,
				5DC5805C1FFA636F005A383A /* AppDelegate.m */,
				5DC5805E1FFA636F005A383A /* ViewController.h */,
				5DC5805F1FFA636F005A383A /* ViewController.m */,
				5DC580611FFA636F005A383A /* Main.storyboard */,
				5DC580641FFA636F005A383A /* Assets.xcassets */,
				5DC580661FFA636F005A383A /* LaunchScreen.storyboard */,
				5DC580691FFA636F005A383A /* Info.plist */,
				5DC5806A1FFA636F005A383A /* main.m */,
			);
			path = Utils;
			sourceTree = "<group>";
		};
		5DC580731FFA636F005A383A /* UtilsTests */ = {
			isa = PBXGroup;
			children = (
				5DC580741FFA636F005A383A /* UtilsTests.m */,
				5DC580761FFA636F005A383A /* Info.plist */,
			);
			path = UtilsTests;
			sourceTree = "<group>";
		};
/* End PBXGroup section */

/* Begin PBXNativeTarget section */
		5DC580571FFA636F005A383A /* Utils */ = {
			isa = PBXNativeTarget;
			buildConfigurationList = 5DC580791FFA636F005A383A /* Build configuration list for PBXNativeTarget "Utils" */;
			buildPhases = (
				5DC580541FFA636F005A383A /* Sources */,
				5DC580551FFA636F005A383A /* Frameworks */,
				5DC580561FFA636F005A383A /* Resources */,
			);
			buildRules = (
			);
			dependencies = (
			);
			name = Utils;
			productName = Utils;
			productReference = 5DC580581FFA636F005A383A /* Utils.app */;
			productType = "com.apple.product-type.application";
		};
		5DC5806F1FFA636F005A383A /* UtilsTests */ = {
			isa = PBXNativeTarget;
			buildConfigurationList = 5DC5807C1FFA636F005A383A /* Build configuration list for PBXNativeTarget "UtilsTests" */;
			buildPhases = (
				5DC5806C1FFA636F005A383A /* Sources */,
				5DC5806D1FFA636F005A383A /* Frameworks */,
				5DC5806E1FFA636F005A383A /* Resources */,
			);
			buildRules = (
			);
			dependencies = (
				5DC580721FFA636F005A383A /* PBXTargetDependency */,
			);
			name = UtilsTests;
			productName = UtilsTests;
			productReference = 5DC580701FFA636F005A383A /* UtilsTests.xctest */;
			productType = "com.apple.product-type.bundle.unit-test";
		};
/* End PBXNativeTarget section */

/* Begin PBXProject section */
		5DC580501FFA636F005A383A /* Project object */ = {
			isa = PBXProject;
			attributes = {
				LastUpgradeCheck = 0920;
				ORGANIZATIONNAME = xuemiyang;
				TargetAttributes = {
					5DC580571FFA636F005A383A = {
						CreatedOnToolsVersion = 9.2;
						ProvisioningStyle = Automatic;
					};
					5DC5806F1FFA636F005A383A = {
						CreatedOnToolsVersion = 9.2;
						ProvisioningStyle = Automatic;
						TestTargetID = 5DC580571FFA636F005A383A;
					};
				};
			};
			buildConfigurationList = 5DC580531FFA636F005A383A /* Build configuration list for PBXProject "Utils" */;
			compatibilityVersion = "Xcode 8.0";
			developmentRegion = en;
			hasScannedForEncodings = 0;
			knownRegions = (
				en,
				Base,
			);
			mainGroup = 5DC5804F1FFA636F005A383A;
			productRefGroup = 5DC580591FFA636F005A383A /* Products */;
			projectDirPath = "";
			projectRoot = "";
			targets = (
				5DC580571FFA636F005A383A /* Utils */,
				5DC5806F1FFA636F005A383A /* UtilsTests */,
			);
		};
/* End PBXProject section */

/* Begin PBXResourcesBuildPhase section */
		5DC580561FFA636F005A383A /* Resources */ = {
			isa = PBXResourcesBuildPhase;
			buildActionMask = 2147483647;
			files = (
				5DC580681FFA636F005A383A /* LaunchScreen.storyboard in Resources */,
				5DC580651FFA636F005A383A /* Assets.xcassets in Resources */,
				5DC580631FFA636F005A383A /* Main.storyboard in Resources */,
			);
			runOnlyForDeploymentPostprocessing = 0;
		};
		5DC5806E1FFA636F005A383A /* Resources */ = {
			isa = PBXResourcesBuildPhase;
			buildActionMask = 2147483647;
			files = (
			);
			runOnlyForDeploymentPostprocessing = 0;
		};
/* End PBXResourcesBuildPhase section */

/* Begin PBXSourcesBuildPhase section */
		5DC580541FFA636F005A383A /* Sources */ = {
			isa = PBXSourcesBuildPhase;
			buildActionMask = 2147483647;
			files = (
				5DC580601FFA636F005A383A /* ViewController.m in Sources */,
				5DC5806B1FFA636F005A383A /* main.m in Sources */,
				5DC5805D1FFA636F005A383A /* AppDelegate.m in Sources */,
			);
			runOnlyForDeploymentPostprocessing = 0;
		};
		5DC5806C1FFA636F005A383A /* Sources */ = {
			isa = PBXSourcesBuildPhase;
			buildActionMask = 2147483647;
			files = (
				5DC580751FFA636F005A383A /* UtilsTests.m in Sources */,
			);
			runOnlyForDeploymentPostprocessing = 0;
		};
/* End PBXSourcesBuildPhase section */

/* Begin PBXTargetDependency section */
		5DC580721FFA636F005A383A /* PBXTargetDependency */ = {
			isa = PBXTargetDependency;
			target = 5DC580571FFA636F005A383A /* Utils */;
			targetProxy = 5DC580711FFA636F005A383A /* PBXContainerItemProxy */;
		};
/* End PBXTargetDependency section */

/* Begin PBXVariantGroup section */
		5DC580611FFA636F005A383A /* Main.storyboard */ = {
			isa = PBXVariantGroup;
			children = (
				5DC580621FFA636F005A383A /* Base */,
			);
			name = Main.storyboard;
			sourceTree = "<group>";
		};
		5DC580661FFA636F005A383A /* LaunchScreen.storyboard */ = {
			isa = PBXVariantGroup;
			children = (
				5DC580671FFA636F005A383A /* Base */,
			);
			name = LaunchScreen.storyboard;
			sourceTree = "<group>";
		};
/* End PBXVariantGroup section */

/* Begin XCBuildConfiguration section */
		5DC580771FFA636F005A383A /* Debug */ = {
			isa = XCBuildConfiguration;
			buildSettings = {
				ALWAYS_SEARCH_USER_PATHS = NO;
				CLANG_ANALYZER_NONNULL = YES;
				CLANG_ANALYZER_NUMBER_OBJECT_CONVERSION = YES_AGGRESSIVE;
				CLANG_CXX_LANGUAGE_STANDARD = "gnu++14";
				CLANG_CXX_LIBRARY = "libc++";
				CLANG_ENABLE_MODULES = YES;
				CLANG_ENABLE_OBJC_ARC = YES;
				CLANG_WARN_BLOCK_CAPTURE_AUTORELEASING = YES;
				CLANG_WARN_BOOL_CONVERSION = YES;
				CLANG_WARN_COMMA = YES;
				CLANG_WARN_CONSTANT_CONVERSION = YES;
				CLANG_WARN_DIRECT_OBJC_ISA_USAGE = YES_ERROR;
				CLANG_WARN_DOCUMENTATION_COMMENTS = YES;
				CLANG_WARN_EMPTY_BODY = YES;
				CLANG_WARN_ENUM_CONVERSION = YES;
				CLANG_WARN_INFINITE_RECURSION = YES;
				CLANG_WARN_INT_CONVERSION = YES;
				CLANG_WARN_NON_LITERAL_NULL_CONVERSION = YES;
				CLANG_WARN_OBJC_LITERAL_CONVERSION = YES;
				CLANG_WARN_OBJC_ROOT_CLASS = YES_ERROR;
				CLANG_WARN_RANGE_LOOP_ANALYSIS = YES;
				CLANG_WARN_STRICT_PROTOTYPES = YES;
				CLANG_WARN_SUSPICIOUS_MOVE = YES;
				CLANG_WARN_UNGUARDED_AVAILABILITY = YES_AGGRESSIVE;
				CLANG_WARN_UNREACHABLE_CODE = YES;
				CLANG_WARN__DUPLICATE_METHOD_MATCH = YES;
				CODE_SIGN_IDENTITY = "iPhone Developer";
				COPY_PHASE_STRIP = NO;
				DEBUG_INFORMATION_FORMAT = dwarf;
				ENABLE_STRICT_OBJC_MSGSEND = YES;
				ENABLE_TESTABILITY = YES;
				GCC_C_LANGUAGE_STANDARD = gnu11;
				GCC_DYNAMIC_NO_PIC = NO;
				GCC_NO_COMMON_BLOCKS = YES;
				GCC_OPTIMIZATION_LEVEL = 0;
				GCC_PREPROCESSOR_DEFINITIONS = (
					"DEBUG=1",
					"$(inherited)",
				);
				GCC_WARN_64_TO_32_BIT_CONVERSION = YES;
				GCC_WARN_ABOUT_RETURN_TYPE = YES_ERROR;
				GCC_WARN_UNDECLARED_SELECTOR = YES;
				GCC_WARN_UNINITIALIZED_AUTOS = YES_AGGRESSIVE;
				GCC_WARN_UNUSED_FUNCTION = YES;
				GCC_WARN_UNUSED_VARIABLE = YES;
				IPHONEOS_DEPLOYMENT_TARGET = 11.2;
				MTL_ENABLE_DEBUG_INFO = YES;
				ONLY_ACTIVE_ARCH = YES;
				SDKROOT = iphoneos;
			};
			name = Debug;
		};
		5DC580781FFA636F005A383A /* Release */ = {
			isa = XCBuildConfiguration;
			buildSettings = {
				ALWAYS_SEARCH_USER_PATHS = NO;
				CLANG_ANALYZER_NONNULL = YES;
				CLANG_ANALYZER_NUMBER_OBJECT_CONVERSION = YES_AGGRESSIVE;
				CLANG_CXX_LANGUAGE_STANDARD = "gnu++14";
				CLANG_CXX_LIBRARY = "libc++";
				CLANG_ENABLE_MODULES = YES;
				CLANG_ENABLE_OBJC_ARC = YES;
				CLANG_WARN_BLOCK_CAPTURE_AUTORELEASING = YES;
				CLANG_WARN_BOOL_CONVERSION = YES;
				CLANG_WARN_COMMA = YES;
				CLANG_WARN_CONSTANT_CONVERSION = YES;
				CLANG_WARN_DIRECT_OBJC_ISA_USAGE = YES_ERROR;
				CLANG_WARN_DOCUMENTATION_COMMENTS = YES;
				CLANG_WARN_EMPTY_BODY = YES;
				CLANG_WARN_ENUM_CONVERSION = YES;
				CLANG_WARN_INFINITE_RECURSION = YES;
				CLANG_WARN_INT_CONVERSION = YES;
				CLANG_WARN_NON_LITERAL_NULL_CONVERSION = YES;
				CLANG_WARN_OBJC_LITERAL_CONVERSION = YES;
				CLANG_WARN_OBJC_ROOT_CLASS = YES_ERROR;
				CLANG_WARN_RANGE_LOOP_ANALYSIS = YES;
				CLANG_WARN_STRICT_PROTOTYPES = YES;
				CLANG_WARN_SUSPICIOUS_MOVE = YES;
				CLANG_WARN_UNGUARDED_AVAILABILITY = YES_AGGRESSIVE;
				CLANG_WARN_UNREACHABLE_CODE = YES;
				CLANG_WARN__DUPLICATE_METHOD_MATCH = YES;
				CODE_SIGN_IDENTITY = "iPhone Developer";
				COPY_PHASE_STRIP = NO;
				DEBUG_INFORMATION_FORMAT = "dwarf-with-dsym";
				ENABLE_NS_ASSERTIONS = NO;
				ENABLE_STRICT_OBJC_MSGSEND = YES;
				GCC_C_LANGUAGE_STANDARD = gnu11;
				GCC_NO_COMMON_BLOCKS = YES;
				GCC_WARN_64_TO_32_BIT_CONVERSION = YES;
				GCC_WARN_ABOUT_RETURN_TYPE = YES_ERROR;
				GCC_WARN_UNDECLARED_SELECTOR = YES;
				GCC_WARN_UNINITIALIZED_AUTOS = YES_AGGRESSIVE;
				GCC_WARN_UNUSED_FUNCTION = YES;
				GCC_WARN_UNUSED_VARIABLE = YES;
				IPHONEOS_DEPLOYMENT_TARGET = 11.2;
				MTL_ENABLE_DEBUG_INFO = NO;
				SDKROOT = iphoneos;
				VALIDATE_PRODUCT = YES;
			};
			name = Release;
		};
		5DC5807A1FFA636F005A383A /* Debug */ = {
			isa = XCBuildConfiguration;
			buildSettings = {
				ASSETCATALOG_COMPILER_APPICON_NAME = AppIcon;
				CODE_SIGN_STYLE = Automatic;
				DEVELOPMENT_TEAM = QPB4435472;
				INFOPLIST_FILE = Utils/Info.plist;
				LD_RUNPATH_SEARCH_PATHS = "$(inherited) @executable_path/Frameworks";
				PRODUCT_BUNDLE_IDENTIFIER = com.xmy.Utils;
				PRODUCT_NAME = "$(TARGET_NAME)";
				TARGETED_DEVICE_FAMILY = "1,2";
			};
			name = Debug;
		};
		5DC5807B1FFA636F005A383A /* Release */ = {
			isa = XCBuildConfiguration;
			buildSettings = {
				ASSETCATALOG_COMPILER_APPICON_NAME = AppIcon;
				CODE_SIGN_STYLE = Automatic;
				DEVELOPMENT_TEAM = QPB4435472;
				INFOPLIST_FILE = Utils/Info.plist;
				LD_RUNPATH_SEARCH_PATHS = "$(inherited) @executable_path/Frameworks";
				PRODUCT_BUNDLE_IDENTIFIER = com.xmy.Utils;
				PRODUCT_NAME = "$(TARGET_NAME)";
				TARGETED_DEVICE_FAMILY = "1,2";
			};
			name = Release;
		};
		5DC5807D1FFA636F005A383A /* Debug */ = {
			isa = XCBuildConfiguration;
			buildSettings = {
				BUNDLE_LOADER = "$(TEST_HOST)";
				CODE_SIGN_STYLE = Automatic;
				DEVELOPMENT_TEAM = QPB4435472;
				INFOPLIST_FILE = UtilsTests/Info.plist;
				LD_RUNPATH_SEARCH_PATHS = "$(inherited) @executable_path/Frameworks @loader_path/Frameworks";
				PRODUCT_BUNDLE_IDENTIFIER = com.xmy.UtilsTests;
				PRODUCT_NAME = "$(TARGET_NAME)";
				TARGETED_DEVICE_FAMILY = "1,2";
				TEST_HOST = "$(BUILT_PRODUCTS_DIR)/Utils.app/Utils";
			};
			name = Debug;
		};
		5DC5807E1FFA636F005A383A /* Release */ = {
			isa = XCBuildConfiguration;
			buildSettings = {
				BUNDLE_LOADER = "$(TEST_HOST)";
				CODE_SIGN_STYLE = Automatic;
				DEVELOPMENT_TEAM = QPB4435472;
				INFOPLIST_FILE = UtilsTests/Info.plist;
				LD_RUNPATH_SEARCH_PATHS = "$(inherited) @executable_path/Frameworks @loader_path/Frameworks";
				PRODUCT_BUNDLE_IDENTIFIER = com.xmy.UtilsTests;
				PRODUCT_NAME = "$(TARGET_NAME)";
				TARGETED_DEVICE_FAMILY = "1,2";
				TEST_HOST = "$(BUILT_PRODUCTS_DIR)/Utils.app/Utils";
			};
			name = Release;
		};
/* End XCBuildConfiguration section */

/* Begin XCConfigurationList section */
		5DC580531FFA636F005A383A /* Build configuration list for PBXProject "Utils" */ = {
			isa = XCConfigurationList;
			buildConfigurations = (
				5DC580771FFA636F005A383A /* Debug */,
				5DC580781FFA636F005A383A /* Release */,
			);
			defaultConfigurationIsVisible = 0;
			defaultConfigurationName = Release;
		};
		5DC580791FFA636F005A383A /* Build configuration list for PBXNativeTarget "Utils" */ = {
			isa = XCConfigurationList;
			buildConfigurations = (
				5DC5807A1FFA636F005A383A /* Debug */,
				5DC5807B1FFA636F005A383A /* Release */,
			);
			defaultConfigurationIsVisible = 0;
			defaultConfigurationName = Release;
		};
		5DC5807C1FFA636F005A383A /* Build configuration list for PBXNativeTarget "UtilsTests" */ = {
			isa = XCConfigurationList;
			buildConfigurations = (
				5DC5807D1FFA636F005A383A /* Debug */,
				5DC5807E1FFA636F005A383A /* Release */,
			);
			defaultConfigurationIsVisible = 0;
			defaultConfigurationName = Release;
		};
/* End XCConfigurationList section */
	};
	rootObject = 5DC580501FFA636F005A383A /* Project object */;
}
